
Microsoft Visual Studio Solution File, Format Version 12.00
# Visual Studio Version 16
VisualStudioVersion = 16.0.33027.164
MinimumVisualStudioVersion = 10.0.40219.1
Project("{FAE04EC0-301F-11D3-BF4B-00C04F79EFBC}") = "ProductWinform", "ProductWinform\ProductWinform.csproj", "{73B8ABF0-FC08-41D6-87ED-DB2902F1F130}"
EndProject
Global
	GlobalSection(SolutionConfigurationPlatforms) = preSolution
		Debug|Any CPU = Debug|Any CPU
		Release|Any CPU = Release|Any CPU
	EndGlobalSection
	GlobalSection(ProjectConfigurationPlatforms) = postSolution
		{73B8ABF0-FC08-41D6-87ED-DB2902F1F130}.Debug|Any CPU.ActiveCfg = Debug|Any CPU
		{73B8ABF0-FC08-41D6-87ED-DB2902F1F130}.Debug|Any CPU.Build.0 = Debug|Any CPU
		{73B8ABF0-FC08-41D6-87ED-DB2902F1F130}.Release|Any CPU.ActiveCfg = Release|Any CPU
		{73B8ABF0-FC08-41D6-87ED-DB2902F1F130}.Release|Any CPU.Build.0 = Release|Any CPU
	EndGlobalSection
	GlobalSection(SolutionProperties) = preSolution
		HideSolutionNode = FALSE
	EndGlobalSection
	GlobalSection(ExtensibilityGlobals) = postSolution
		SolutionGuid = {5D80FA32-B3DF-4FC4-A696-33F7F5A1C513}
	EndGlobalSection
EndGlobal
